// !$*UTF8*$!
{
	archiveVersion = 1;
	classes = {
	};
	objectVersion = 46;
	objects = {

/* Begin PBXBuildFile section */
		73670BDB3A764458B9A76D86 /* libPods-QiitaTestTests.a in Frameworks */ = {isa = PBXBuildFile; fileRef = AAE99E40BD6D46AB873A5FD2 /* libPods-QiitaTestTests.a */; };
		8B08E71EEB5249AE86C2F81F /* libPods.a in Frameworks */ = {isa = PBXBuildFile; fileRef = BC4194554D7C42DDABB891E1 /* libPods.a */; };
		BE33A9AF185EBD3A0002738A /* DateIgnoreTest.m in Sources */ = {isa = PBXBuildFile; fileRef = BE33A9AE185EBD3A0002738A /* DateIgnoreTest.m */; };
		BE76B95218498442001E749D /* test.m in Sources */ = {isa = PBXBuildFile; fileRef = BE76B94E1849816E001E749D /* test.m */; };
		BE76B95318498473001E749D /* NSDateFormatterTest.m in Sources */ = {isa = PBXBuildFile; fileRef = BEC4BFDE18405FDD004555B2 /* NSDateFormatterTest.m */; };
		BE76B95518498524001E749D /* Default-568h@2x.png in Resources */ = {isa = PBXBuildFile; fileRef = BE76B95418498524001E749D /* Default-568h@2x.png */; };
		BEC4BFA7183F45B4004555B2 /* Foundation.framework in Frameworks */ = {isa = PBXBuildFile; fileRef = BEC4BFA6183F45B4004555B2 /* Foundation.framework */; };
		BEC4BFA9183F45B4004555B2 /* CoreGraphics.framework in Frameworks */ = {isa = PBXBuildFile; fileRef = BEC4BFA8183F45B4004555B2 /* CoreGraphics.framework */; };
		BEC4BFAB183F45B4004555B2 /* UIKit.framework in Frameworks */ = {isa = PBXBuildFile; fileRef = BEC4BFAA183F45B4004555B2 /* UIKit.framework */; };
		BEC4BFB1183F45B4004555B2 /* InfoPlist.strings in Resources */ = {isa = PBXBuildFile; fileRef = BEC4BFAF183F45B4004555B2 /* InfoPlist.strings */; };
		BEC4BFB3183F45B4004555B2 /* main.m in Sources */ = {isa = PBXBuildFile; fileRef = BEC4BFB2183F45B4004555B2 /* main.m */; };
		BEC4BFB7183F45B4004555B2 /* AppDelegate.m in Sources */ = {isa = PBXBuildFile; fileRef = BEC4BFB6183F45B4004555B2 /* AppDelegate.m */; };
		BEC4BFBA183F45B4004555B2 /* Main.storyboard in Resources */ = {isa = PBXBuildFile; fileRef = BEC4BFB8183F45B4004555B2 /* Main.storyboard */; };
		BEC4BFBD183F45B4004555B2 /* ViewController.m in Sources */ = {isa = PBXBuildFile; fileRef = BEC4BFBC183F45B4004555B2 /* ViewController.m */; };
		BEC4BFBF183F45B4004555B2 /* Images.xcassets in Resources */ = {isa = PBXBuildFile; fileRef = BEC4BFBE183F45B4004555B2 /* Images.xcassets */; };
		BEC4BFC7183F45B4004555B2 /* Foundation.framework in Frameworks */ = {isa = PBXBuildFile; fileRef = BEC4BFA6183F45B4004555B2 /* Foundation.framework */; };
		BEC4BFD0183F45B4004555B2 /* InfoPlist.strings in Resources */ = {isa = PBXBuildFile; fileRef = BEC4BFCE183F45B4004555B2 /* InfoPlist.strings */; };
		BEC4BFD2183F45B4004555B2 /* QiitaTestTests.m in Sources */ = {isa = PBXBuildFile; fileRef = BEC4BFD1183F45B4004555B2 /* QiitaTestTests.m */; };
		BEC4BFDB183F4D18004555B2 /* UIKit.framework in Frameworks */ = {isa = PBXBuildFile; fileRef = BEC4BFAA183F45B4004555B2 /* UIKit.framework */; };
/* End PBXBuildFile section */

/* Begin PBXContainerItemProxy section */
		BEC4BFC9183F45B4004555B2 /* PBXContainerItemProxy */ = {
			isa = PBXContainerItemProxy;
			containerPortal = BEC4BF9B183F45B4004555B2 /* Project object */;
			proxyType = 1;
			remoteGlobalIDString = BEC4BFA2183F45B4004555B2;
			remoteInfo = QiitaTest;
		};
/* End PBXContainerItemProxy section */

/* Begin PBXFileReference section */
		0F2192177DBD4D5985543049 /* Pods.xcconfig */ = {isa = PBXFileReference; includeInIndex = 1; lastKnownFileType = text.xcconfig; name = Pods.xcconfig; path = Pods/Pods.xcconfig; sourceTree = "<group>"; };
		6A90E20C519742278A0CA645 /* Pods-QiitaTestTests.xcconfig */ = {isa = PBXFileReference; includeInIndex = 1; lastKnownFileType = text.xcconfig; name = "Pods-QiitaTestTests.xcconfig"; path = "Pods/Pods-QiitaTestTests.xcconfig"; sourceTree = "<group>"; };
		AAE99E40BD6D46AB873A5FD2 /* libPods-QiitaTestTests.a */ = {isa = PBXFileReference; explicitFileType = archive.ar; includeInIndex = 0; path = "libPods-QiitaTestTests.a"; sourceTree = BUILT_PRODUCTS_DIR; };
		BC4194554D7C42DDABB891E1 /* libPods.a */ = {isa = PBXFileReference; explicitFileType = archive.ar; includeInIndex = 0; path = libPods.a; sourceTree = BUILT_PRODUCTS_DIR; };
		BE33A9AE185EBD3A0002738A /* DateIgnoreTest.m */ = {isa = PBXFileReference; fileEncoding = 4; lastKnownFileType = sourcecode.c.objc; path = DateIgnoreTest.m; sourceTree = "<group>"; };
		BE76B94E1849816E001E749D /* test.m */ = {isa = PBXFileReference; fileEncoding = 4; lastKnownFileType = sourcecode.c.objc; path = test.m; sourceTree = "<group>"; };
		BE76B95418498524001E749D /* Default-568h@2x.png */ = {isa = PBXFileReference; lastKnownFileType = image.png; path = "Default-568h@2x.png"; sourceTree = "<group>"; };
		BEC4BFA3183F45B4004555B2 /* QiitaTest.app */ = {isa = PBXFileReference; explicitFileType = wrapper.application; includeInIndex = 0; path = QiitaTest.app; sourceTree = BUILT_PRODUCTS_DIR; };
		BEC4BFA6183F45B4004555B2 /* Foundation.framework */ = {isa = PBXFileReference; lastKnownFileType = wrapper.framework; name = Foundation.framework; path = System/Library/Frameworks/Foundation.framework; sourceTree = SDKROOT; };
		BEC4BFA8183F45B4004555B2 /* CoreGraphics.framework */ = {isa = PBXFileReference; lastKnownFileType = wrapper.framework; name = CoreGraphics.framework; path = System/Library/Frameworks/CoreGraphics.framework; sourceTree = SDKROOT; };
		BEC4BFAA183F45B4004555B2 /* UIKit.framework */ = {isa = PBXFileReference; lastKnownFileType = wrapper.framework; name = UIKit.framework; path = System/Library/Frameworks/UIKit.framework; sourceTree = SDKROOT; };
		BEC4BFAE183F45B4004555B2 /* QiitaTest-Info.plist */ = {isa = PBXFileReference; lastKnownFileType = text.plist.xml; path = "QiitaTest-Info.plist"; sourceTree = "<group>"; };
		BEC4BFB0183F45B4004555B2 /* en */ = {isa = PBXFileReference; lastKnownFileType = text.plist.strings; name = en; path = en.lproj/InfoPlist.strings; sourceTree = "<group>"; };
		BEC4BFB2183F45B4004555B2 /* main.m */ = {isa = PBXFileReference; lastKnownFileType = sourcecode.c.objc; path = main.m; sourceTree = "<group>"; };
		BEC4BFB4183F45B4004555B2 /* QiitaTest-Prefix.pch */ = {isa = PBXFileReference; lastKnownFileType = sourcecode.c.h; path = "QiitaTest-Prefix.pch"; sourceTree = "<group>"; };
		BEC4BFB5183F45B4004555B2 /* AppDelegate.h */ = {isa = PBXFileReference; lastKnownFileType = sourcecode.c.h; path = AppDelegate.h; sourceTree = "<group>"; };
		BEC4BFB6183F45B4004555B2 /* AppDelegate.m */ = {isa = PBXFileReference; lastKnownFileType = sourcecode.c.objc; path = AppDelegate.m; sourceTree = "<group>"; };
		BEC4BFB9183F45B4004555B2 /* Base */ = {isa = PBXFileReference; lastKnownFileType = file.storyboard; name = Base; path = Base.lproj/Main.storyboard; sourceTree = "<group>"; };
		BEC4BFBB183F45B4004555B2 /* ViewController.h */ = {isa = PBXFileReference; lastKnownFileType = sourcecode.c.h; path = ViewController.h; sourceTree = "<group>"; };
		BEC4BFBC183F45B4004555B2 /* ViewController.m */ = {isa = PBXFileReference; lastKnownFileType = sourcecode.c.objc; path = ViewController.m; sourceTree = "<group>"; };
		BEC4BFBE183F45B4004555B2 /* Images.xcassets */ = {isa = PBXFileReference; lastKnownFileType = folder.assetcatalog; path = Images.xcassets; sourceTree = "<group>"; };
		BEC4BFC4183F45B4004555B2 /* QiitaTestTests.xctest */ = {isa = PBXFileReference; explicitFileType = wrapper.cfbundle; includeInIndex = 0; path = QiitaTestTests.xctest; sourceTree = BUILT_PRODUCTS_DIR; };
		BEC4BFC5183F45B4004555B2 /* XCTest.framework */ = {isa = PBXFileReference; lastKnownFileType = wrapper.framework; name = XCTest.framework; path = Library/Frameworks/XCTest.framework; sourceTree = DEVELOPER_DIR; };
		BEC4BFCD183F45B4004555B2 /* QiitaTestTests-Info.plist */ = {isa = PBXFileReference; lastKnownFileType = text.plist.xml; path = "QiitaTestTests-Info.plist"; sourceTree = "<group>"; };
		BEC4BFCF183F45B4004555B2 /* en */ = {isa = PBXFileReference; lastKnownFileType = text.plist.strings; name = en; path = en.lproj/InfoPlist.strings; sourceTree = "<group>"; };
		BEC4BFD1183F45B4004555B2 /* QiitaTestTests.m */ = {isa = PBXFileReference; lastKnownFileType = sourcecode.c.objc; path = QiitaTestTests.m; sourceTree = "<group>"; };
		BEC4BFDC183F4D1D004555B2 /* SenTestingKit.framework */ = {isa = PBXFileReference; lastKnownFileType = wrapper.framework; name = SenTestingKit.framework; path = Library/Frameworks/SenTestingKit.framework; sourceTree = DEVELOPER_DIR; };
		BEC4BFDE18405FDD004555B2 /* NSDateFormatterTest.m */ = {isa = PBXFileReference; fileEncoding = 4; lastKnownFileType = sourcecode.c.objc; path = NSDateFormatterTest.m; sourceTree = "<group>"; };
/* End PBXFileReference section */

/* Begin PBXFrameworksBuildPhase section */
		BEC4BFA0183F45B4004555B2 /* Frameworks */ = {
			isa = PBXFrameworksBuildPhase;
			buildActionMask = 2147483647;
			files = (
				BEC4BFA9183F45B4004555B2 /* CoreGraphics.framework in Frameworks */,
				BEC4BFAB183F45B4004555B2 /* UIKit.framework in Frameworks */,
				BEC4BFA7183F45B4004555B2 /* Foundation.framework in Frameworks */,
				8B08E71EEB5249AE86C2F81F /* libPods.a in Frameworks */,
			);
			runOnlyForDeploymentPostprocessing = 0;
		};
		BEC4BFC1183F45B4004555B2 /* Frameworks */ = {
			isa = PBXFrameworksBuildPhase;
			buildActionMask = 2147483647;
			files = (
				BEC4BFDB183F4D18004555B2 /* UIKit.framework in Frameworks */,
				BEC4BFC7183F45B4004555B2 /* Foundation.framework in Frameworks */,
				73670BDB3A764458B9A76D86 /* libPods-QiitaTestTests.a in Frameworks */,
			);
			runOnlyForDeploymentPostprocessing = 0;
		};
/* End PBXFrameworksBuildPhase section */

/* Begin PBXGroup section */
		BEC4BF9A183F45B4004555B2 = {
			isa = PBXGroup;
			children = (
				BE76B95418498524001E749D /* Default-568h@2x.png */,
				BEC4BFAC183F45B4004555B2 /* QiitaTest */,
				BEC4BFCB183F45B4004555B2 /* QiitaTestTests */,
				BEC4BFA5183F45B4004555B2 /* Frameworks */,
				BEC4BFA4183F45B4004555B2 /* Products */,
				0F2192177DBD4D5985543049 /* Pods.xcconfig */,
				6A90E20C519742278A0CA645 /* Pods-QiitaTestTests.xcconfig */,
			);
			sourceTree = "<group>";
		};
		BEC4BFA4183F45B4004555B2 /* Products */ = {
			isa = PBXGroup;
			children = (
				BEC4BFA3183F45B4004555B2 /* QiitaTest.app */,
				BEC4BFC4183F45B4004555B2 /* QiitaTestTests.xctest */,
			);
			name = Products;
			sourceTree = "<group>";
		};
		BEC4BFA5183F45B4004555B2 /* Frameworks */ = {
			isa = PBXGroup;
			children = (
				BEC4BFDC183F4D1D004555B2 /* SenTestingKit.framework */,
				BEC4BFA6183F45B4004555B2 /* Foundation.framework */,
				BEC4BFA8183F45B4004555B2 /* CoreGraphics.framework */,
				BEC4BFAA183F45B4004555B2 /* UIKit.framework */,
				BEC4BFC5183F45B4004555B2 /* XCTest.framework */,
				BC4194554D7C42DDABB891E1 /* libPods.a */,
				AAE99E40BD6D46AB873A5FD2 /* libPods-QiitaTestTests.a */,
			);
			name = Frameworks;
			sourceTree = "<group>";
		};
		BEC4BFAC183F45B4004555B2 /* QiitaTest */ = {
			isa = PBXGroup;
			children = (
				BEC4BFB5183F45B4004555B2 /* AppDelegate.h */,
				BEC4BFB6183F45B4004555B2 /* AppDelegate.m */,
				BEC4BFB8183F45B4004555B2 /* Main.storyboard */,
				BEC4BFBB183F45B4004555B2 /* ViewController.h */,
				BEC4BFBC183F45B4004555B2 /* ViewController.m */,
				BEC4BFBE183F45B4004555B2 /* Images.xcassets */,
				BEC4BFAD183F45B4004555B2 /* Supporting Files */,
			);
			path = QiitaTest;
			sourceTree = "<group>";
		};
		BEC4BFAD183F45B4004555B2 /* Supporting Files */ = {
			isa = PBXGroup;
			children = (
				BEC4BFAE183F45B4004555B2 /* QiitaTest-Info.plist */,
				BEC4BFAF183F45B4004555B2 /* InfoPlist.strings */,
				BEC4BFB2183F45B4004555B2 /* main.m */,
				BEC4BFB4183F45B4004555B2 /* QiitaTest-Prefix.pch */,
			);
			name = "Supporting Files";
			sourceTree = "<group>";
		};
		BEC4BFCB183F45B4004555B2 /* QiitaTestTests */ = {
			isa = PBXGroup;
			children = (
				BEC4BFD1183F45B4004555B2 /* QiitaTestTests.m */,
				BEC4BFDE18405FDD004555B2 /* NSDateFormatterTest.m */,
				BEC4BFCC183F45B4004555B2 /* Supporting Files */,
				BE76B94E1849816E001E749D /* test.m */,
				BE33A9AE185EBD3A0002738A /* DateIgnoreTest.m */,
			);
			path = QiitaTestTests;
			sourceTree = "<group>";
		};
		BEC4BFCC183F45B4004555B2 /* Supporting Files */ = {
			isa = PBXGroup;
			children = (
				BEC4BFCD183F45B4004555B2 /* QiitaTestTests-Info.plist */,
				BEC4BFCE183F45B4004555B2 /* InfoPlist.strings */,
			);
			name = "Supporting Files";
			sourceTree = "<group>";
		};
/* End PBXGroup section */

/* Begin PBXNativeTarget section */
		BEC4BFA2183F45B4004555B2 /* QiitaTest */ = {
			isa = PBXNativeTarget;
			buildConfigurationList = BEC4BFD5183F45B4004555B2 /* Build configuration list for PBXNativeTarget "QiitaTest" */;
			buildPhases = (
				1A089AB59CB644C991C6CF93 /* Check Pods Manifest.lock */,
				BEC4BF9F183F45B4004555B2 /* Sources */,
				BEC4BFA0183F45B4004555B2 /* Frameworks */,
				BEC4BFA1183F45B4004555B2 /* Resources */,
				7D7CD6A8D4924EC6AFB7601E /* Copy Pods Resources */,
			);
			buildRules = (
			);
			dependencies = (
			);
			name = QiitaTest;
			productName = QiitaTest;
			productReference = BEC4BFA3183F45B4004555B2 /* QiitaTest.app */;
			productType = "com.apple.product-type.application";
		};
		BEC4BFC3183F45B4004555B2 /* QiitaTestTests */ = {
			isa = PBXNativeTarget;
			buildConfigurationList = BEC4BFD8183F45B4004555B2 /* Build configuration list for PBXNativeTarget "QiitaTestTests" */;
			buildPhases = (
				920D2A78698D449295193384 /* Check Pods Manifest.lock */,
				BEC4BFC0183F45B4004555B2 /* Sources */,
				BEC4BFC1183F45B4004555B2 /* Frameworks */,
				BEC4BFC2183F45B4004555B2 /* Resources */,
				DEEFB42053FF4500A06CC600 /* Copy Pods Resources */,
			);
			buildRules = (
			);
			dependencies = (
				BEC4BFCA183F45B4004555B2 /* PBXTargetDependency */,
			);
			name = QiitaTestTests;
			productName = QiitaTestTests;
			productReference = BEC4BFC4183F45B4004555B2 /* QiitaTestTests.xctest */;
			productType = "com.apple.product-type.bundle.unit-test";
		};
/* End PBXNativeTarget section */

/* Begin PBXProject section */
		BEC4BF9B183F45B4004555B2 /* Project object */ = {
			isa = PBXProject;
			attributes = {
				LastUpgradeCheck = 0500;
				ORGANIZATIONNAME = akuraru;
				TargetAttributes = {
					BEC4BFC3183F45B4004555B2 = {
						TestTargetID = BEC4BFA2183F45B4004555B2;
					};
				};
			};
			buildConfigurationList = BEC4BF9E183F45B4004555B2 /* Build configuration list for PBXProject "QiitaTest" */;
			compatibilityVersion = "Xcode 3.2";
			developmentRegion = English;
			hasScannedForEncodings = 0;
			knownRegions = (
				en,
				Base,
			);
			mainGroup = BEC4BF9A183F45B4004555B2;
			productRefGroup = BEC4BFA4183F45B4004555B2 /* Products */;
			projectDirPath = "";
			projectRoot = "";
			targets = (
				BEC4BFA2183F45B4004555B2 /* QiitaTest */,
				BEC4BFC3183F45B4004555B2 /* QiitaTestTests */,
			);
		};
/* End PBXProject section */

/* Begin PBXResourcesBuildPhase section */
		BEC4BFA1183F45B4004555B2 /* Resources */ = {
			isa = PBXResourcesBuildPhase;
			buildActionMask = 2147483647;
			files = (
				BEC4BFBF183F45B4004555B2 /* Images.xcassets in Resources */,
				BE76B95518498524001E749D /* Default-568h@2x.png in Resources */,
				BEC4BFB1183F45B4004555B2 /* InfoPlist.strings in Resources */,
				BEC4BFBA183F45B4004555B2 /* Main.storyboard in Resources */,
			);
			runOnlyForDeploymentPostprocessing = 0;
		};
		BEC4BFC2183F45B4004555B2 /* Resources */ = {
			isa = PBXResourcesBuildPhase;
			buildActionMask = 2147483647;
			files = (
				BEC4BFD0183F45B4004555B2 /* InfoPlist.strings in Resources */,
			);
			runOnlyForDeploymentPostprocessing = 0;
		};
/* End PBXResourcesBuildPhase section */

/* Begin PBXShellScriptBuildPhase section */
		1A089AB59CB644C991C6CF93 /* Check Pods Manifest.lock */ = {
			isa = PBXShellScriptBuildPhase;
			buildActionMask = 2147483647;
			files = (
			);
			inputPaths = (
			);
			name = "Check Pods Manifest.lock";
			outputPaths = (
			);
			runOnlyForDeploymentPostprocessing = 0;
			shellPath = /bin/sh;
			shellScript = "diff \"${PODS_ROOT}/../Podfile.lock\" \"${PODS_ROOT}/Manifest.lock\" > /dev/null\nif [[ $? != 0 ]] ; then\n    cat << EOM\nerror: The sandbox is not in sync with the Podfile.lock. Run 'pod install' or update your CocoaPods installation.\nEOM\n    exit 1\nfi\n";
			showEnvVarsInLog = 0;
		};
		7D7CD6A8D4924EC6AFB7601E /* Copy Pods Resources */ = {
			isa = PBXShellScriptBuildPhase;
			buildActionMask = 2147483647;
			files = (
			);
			inputPaths = (
			);
			name = "Copy Pods Resources";
			outputPaths = (
			);
			runOnlyForDeploymentPostprocessing = 0;
			shellPath = /bin/sh;
			shellScript = "\"${SRCROOT}/Pods/Pods-resources.sh\"\n";
			showEnvVarsInLog = 0;
		};
		920D2A78698D449295193384 /* Check Pods Manifest.lock */ = {
			isa = PBXShellScriptBuildPhase;
			buildActionMask = 2147483647;
			files = (
			);
			inputPaths = (
			);
			name = "Check Pods Manifest.lock";
			outputPaths = (
			);
			runOnlyForDeploymentPostprocessing = 0;
			shellPath = /bin/sh;
			shellScript = "diff \"${PODS_ROOT}/../Podfile.lock\" \"${PODS_ROOT}/Manifest.lock\" > /dev/null\nif [[ $? != 0 ]] ; then\n    cat << EOM\nerror: The sandbox is not in sync with the Podfile.lock. Run 'pod install' or update your CocoaPods installation.\nEOM\n    exit 1\nfi\n";
			showEnvVarsInLog = 0;
		};
		DEEFB42053FF4500A06CC600 /* Copy Pods Resources */ = {
			isa = PBXShellScriptBuildPhase;
			buildActionMask = 2147483647;
			files = (
			);
			inputPaths = (
			);
			name = "Copy Pods Resources";
			outputPaths = (
			);
			runOnlyForDeploymentPostprocessing = 0;
			shellPath = /bin/sh;
			shellScript = "\"${SRCROOT}/Pods/Pods-QiitaTestTests-resources.sh\"\n";
			showEnvVarsInLog = 0;
		};
/* End PBXShellScriptBuildPhase section */

/* Begin PBXSourcesBuildPhase section */
		BEC4BF9F183F45B4004555B2 /* Sources */ = {
			isa = PBXSourcesBuildPhase;
			buildActionMask = 2147483647;
			files = (
				BEC4BFBD183F45B4004555B2 /* ViewController.m in Sources */,
				BEC4BFB7183F45B4004555B2 /* AppDelegate.m in Sources */,
				BEC4BFB3183F45B4004555B2 /* main.m in Sources */,
			);
			runOnlyForDeploymentPostprocessing = 0;
		};
		BEC4BFC0183F45B4004555B2 /* Sources */ = {
			isa = PBXSourcesBuildPhase;
			buildActionMask = 2147483647;
			files = (
				BEC4BFD2183F45B4004555B2 /* QiitaTestTests.m in Sources */,
				BE33A9AF185EBD3A0002738A /* DateIgnoreTest.m in Sources */,
				BE76B95218498442001E749D /* test.m in Sources */,
				BE76B95318498473001E749D /* NSDateFormatterTest.m in Sources */,
			);
			runOnlyForDeploymentPostprocessing = 0;
		};
/* End PBXSourcesBuildPhase section */

/* Begin PBXTargetDependency section */
		BEC4BFCA183F45B4004555B2 /* PBXTargetDependency */ = {
			isa = PBXTargetDependency;
			target = BEC4BFA2183F45B4004555B2 /* QiitaTest */;
			targetProxy = BEC4BFC9183F45B4004555B2 /* PBXContainerItemProxy */;
		};
/* End PBXTargetDependency section */

/* Begin PBXVariantGroup section */
		BEC4BFAF183F45B4004555B2 /* InfoPlist.strings */ = {
			isa = PBXVariantGroup;
			children = (
				BEC4BFB0183F45B4004555B2 /* en */,
			);
			name = InfoPlist.strings;
			sourceTree = "<group>";
		};
		BEC4BFB8183F45B4004555B2 /* Main.storyboard */ = {
			isa = PBXVariantGroup;
			children = (
				BEC4BFB9183F45B4004555B2 /* Base */,
			);
			name = Main.storyboard;
			sourceTree = "<group>";
		};
		BEC4BFCE183F45B4004555B2 /* InfoPlist.strings */ = {
			isa = PBXVariantGroup;
			children = (
				BEC4BFCF183F45B4004555B2 /* en */,
			);
			name = InfoPlist.strings;
			sourceTree = "<group>";
		};
/* End PBXVariantGroup section */

/* Begin XCBuildConfiguration section */
		BEC4BFD3183F45B4004555B2 /* Debug */ = {
			isa = XCBuildConfiguration;
			buildSettings = {
				ALWAYS_SEARCH_USER_PATHS = NO;
				ARCHS = "$(ARCHS_STANDARD_INCLUDING_64_BIT)";
				CLANG_CXX_LANGUAGE_STANDARD = "gnu++0x";
				CLANG_CXX_LIBRARY = "libc++";
				CLANG_ENABLE_MODULES = YES;
				CLANG_ENABLE_OBJC_ARC = YES;
				CLANG_WARN_BOOL_CONVERSION = YES;
				CLANG_WARN_CONSTANT_CONVERSION = YES;
				CLANG_WARN_DIRECT_OBJC_ISA_USAGE = YES_ERROR;
				CLANG_WARN_EMPTY_BODY = YES;
				CLANG_WARN_ENUM_CONVERSION = YES;
				CLANG_WARN_INT_CONVERSION = YES;
				CLANG_WARN_OBJC_ROOT_CLASS = YES_ERROR;
				CLANG_WARN__DUPLICATE_METHOD_MATCH = YES;
				"CODE_SIGN_IDENTITY[sdk=iphoneos*]" = "iPhone Developer";
				COPY_PHASE_STRIP = NO;
				GCC_C_LANGUAGE_STANDARD = gnu99;
				GCC_DYNAMIC_NO_PIC = NO;
				GCC_OPTIMIZATION_LEVEL = 0;
				GCC_PREPROCESSOR_DEFINITIONS = (
					"DEBUG=1",
					"$(inherited)",
				);
				GCC_SYMBOLS_PRIVATE_EXTERN = NO;
				GCC_WARN_64_TO_32_BIT_CONVERSION = YES;
				GCC_WARN_ABOUT_RETURN_TYPE = YES_ERROR;
				GCC_WARN_UNDECLARED_SELECTOR = YES;
				GCC_WARN_UNINITIALIZED_AUTOS = YES;
				GCC_WARN_UNUSED_FUNCTION = YES;
				GCC_WARN_UNUSED_VARIABLE = YES;
				IPHONEOS_DEPLOYMENT_TARGET = 7.0;
				ONLY_ACTIVE_ARCH = YES;
				SDKROOT = iphoneos;
			};
			name = Debug;
		};
		BEC4BFD4183F45B4004555B2 /* Release */ = {
			isa = XCBuildConfiguration;
			buildSettings = {
				ALWAYS_SEARCH_USER_PATHS = NO;
				ARCHS = "$(ARCHS_STANDARD_INCLUDING_64_BIT)";
				CLANG_CXX_LANGUAGE_STANDARD = "gnu++0x";
				CLANG_CXX_LIBRARY = "libc++";
				CLANG_ENABLE_MODULES = YES;
				CLANG_ENABLE_OBJC_ARC = YES;
				CLANG_WARN_BOOL_CONVERSION = YES;
				CLANG_WARN_CONSTANT_CONVERSION = YES;
				CLANG_WARN_DIRECT_OBJC_ISA_USAGE = YES_ERROR;
				CLANG_WARN_EMPTY_BODY = YES;
				CLANG_WARN_ENUM_CONVERSION = YES;
				CLANG_WARN_INT_CONVERSION = YES;
				CLANG_WARN_OBJC_ROOT_CLASS = YES_ERROR;
				CLANG_WARN__DUPLICATE_METHOD_MATCH = YES;
				"CODE_SIGN_IDENTITY[sdk=iphoneos*]" = "iPhone Developer";
				COPY_PHASE_STRIP = YES;
				ENABLE_NS_ASSERTIONS = NO;
				GCC_C_LANGUAGE_STANDARD = gnu99;
				GCC_WARN_64_TO_32_BIT_CONVERSION = YES;
				GCC_WARN_ABOUT_RETURN_TYPE = YES_ERROR;
				GCC_WARN_UNDECLARED_SELECTOR = YES;
				GCC_WARN_UNINITIALIZED_AUTOS = YES;
				GCC_WARN_UNUSED_FUNCTION = YES;
				GCC_WARN_UNUSED_VARIABLE = YES;
				IPHONEOS_DEPLOYMENT_TARGET = 7.0;
				SDKROOT = iphoneos;
				VALIDATE_PRODUCT = YES;
			};
			name = Release;
		};
		BEC4BFD6183F45B4004555B2 /* Debug */ = {
			isa = XCBuildConfiguration;
			baseConfigurationReference = 0F2192177DBD4D5985543049 /* Pods.xcconfig */;
			buildSettings = {
				GCC_PRECOMPILE_PREFIX_HEADER = YES;
				GCC_PREFIX_HEADER = "QiitaTest/QiitaTest-Prefix.pch";
				INFOPLIST_FILE = "QiitaTest/QiitaTest-Info.plist";
				IPHONEOS_DEPLOYMENT_TARGET = 6.0;
				PRODUCT_NAME = "$(TARGET_NAME)";
				VALID_ARCHS = "armv7 armv7s";
				WRAPPER_EXTENSION = app;
			};
			name = Debug;
		};
		BEC4BFD7183F45B4004555B2 /* Release */ = {
			isa = XCBuildConfiguration;
			baseConfigurationReference = 0F2192177DBD4D5985543049 /* Pods.xcconfig */;
			buildSettings = {
				GCC_PRECOMPILE_PREFIX_HEADER = YES;
				GCC_PREFIX_HEADER = "QiitaTest/QiitaTest-Prefix.pch";
				INFOPLIST_FILE = "QiitaTest/QiitaTest-Info.plist";
				IPHONEOS_DEPLOYMENT_TARGET = 6.0;
				PRODUCT_NAME = "$(TARGET_NAME)";
				VALID_ARCHS = "armv7 armv7s";
				WRAPPER_EXTENSION = app;
			};
			name = Release;
		};
		BEC4BFD9183F45B4004555B2 /* Debug */ = {
			isa = XCBuildConfiguration;
			baseConfigurationReference = 6A90E20C519742278A0CA645 /* Pods-QiitaTestTests.xcconfig */;
			buildSettings = {
				ARCHS = "$(ARCHS_STANDARD_INCLUDING_64_BIT)";
				BUNDLE_LOADER = "$(BUILT_PRODUCTS_DIR)/QiitaTest.app/QiitaTest";
				FRAMEWORK_SEARCH_PATHS = (
					"$(SDKROOT)/Developer/Library/Frameworks",
					"$(inherited)",
					"$(DEVELOPER_FRAMEWORKS_DIR)",
				);
				GCC_PRECOMPILE_PREFIX_HEADER = YES;
				GCC_PREFIX_HEADER = "QiitaTest/QiitaTest-Prefix.pch";
				GCC_PREPROCESSOR_DEFINITIONS = (
					"DEBUG=1",
					"$(inherited)",
				);
				INFOPLIST_FILE = "QiitaTestTests/QiitaTestTests-Info.plist";
				PRODUCT_NAME = "$(TARGET_NAME)";
				TEST_HOST = "$(BUNDLE_LOADER)";
				VALID_ARCHS = "armv7 armv7s";
				WRAPPER_EXTENSION = xctest;
			};
			name = Debug;
		};
		BEC4BFDA183F45B4004555B2 /* Release */ = {
			isa = XCBuildConfiguration;
			baseConfigurationReference = 6A90E20C519742278A0CA645 /* Pods-QiitaTestTests.xcconfig */;
			buildSettings = {
				ARCHS = "$(ARCHS_STANDARD_INCLUDING_64_BIT)";
				BUNDLE_LOADER = "$(BUILT_PRODUCTS_DIR)/QiitaTest.app/QiitaTest";
				FRAMEWORK_SEARCH_PATHS = (
					"$(SDKROOT)/Developer/Library/Frameworks",
					"$(inherited)",
					"$(DEVELOPER_FRAMEWORKS_DIR)",
				);
				GCC_PRECOMPILE_PREFIX_HEADER = YES;
				GCC_PREFIX_HEADER = "QiitaTest/QiitaTest-Prefix.pch";
				INFOPLIST_FILE = "QiitaTestTests/QiitaTestTests-Info.plist";
				PRODUCT_NAME = "$(TARGET_NAME)";
				TEST_HOST = "$(BUNDLE_LOADER)";
				VALID_ARCHS = "armv7 armv7s";
				WRAPPER_EXTENSION = xctest;
			};
			name = Release;
		};
/* End XCBuildConfiguration section */

/* Begin XCConfigurationList section */
		BEC4BF9E183F45B4004555B2 /* Build configuration list for PBXProject "QiitaTest" */ = {
			isa = XCConfigurationList;
			buildConfigurations = (
				BEC4BFD3183F45B4004555B2 /* Debug */,
				BEC4BFD4183F45B4004555B2 /* Release */,
			);
			defaultConfigurationIsVisible = 0;
			defaultConfigurationName = Release;
		};
		BEC4BFD5183F45B4004555B2 /* Build configuration list for PBXNativeTarget "QiitaTest" */ = {
			isa = XCConfigurationList;
			buildConfigurations = (
				BEC4BFD6183F45B4004555B2 /* Debug */,
				BEC4BFD7183F45B4004555B2 /* Release */,
			);
			defaultConfigurationIsVisible = 0;
			defaultConfigurationName = Release;
		};
		BEC4BFD8183F45B4004555B2 /* Build configuration list for PBXNativeTarget "QiitaTestTests" */ = {
			isa = XCConfigurationList;
			buildConfigurations = (
				BEC4BFD9183F45B4004555B2 /* Debug */,
				BEC4BFDA183F45B4004555B2 /* Release */,
			);
			defaultConfigurationIsVisible = 0;
			defaultConfigurationName = Release;
		};
/* End XCConfigurationList section */
	};
	rootObject = BEC4BF9B183F45B4004555B2 /* Project object */;
}
